
Microsoft Visual Studio Solution File, Format Version 12.00
# Visual Studio Version 17
VisualStudioVersion = 17.8.34330.188
MinimumVisualStudioVersion = 10.0.40219.1
Project("{8BC9CEB8-8B4A-11D0-8D11-00A0C91BC942}") = "1_MyFirstDriver", "1_MyFirstDriver\MyFirstDriver.vcxproj", "{4964D8FF-6765-4E6B-8F0D-8A4A5CAEF138}"
EndProject
Project("{8BC9CEB8-8B4A-11D0-8D11-00A0C91BC942}") = "2_PrintProcessId", "2_PrintProcessId\2_PrintProcessId.vcxproj", "{69193F88-1A63-4B21-A7E4-6B5785937B8F}"
EndProject
Project("{8BC9CEB8-8B4A-11D0-8D11-00A0C91BC942}") = "3_RaiseAndLowerIRQL", "3_RaiseAndLowerIRQL\3_RaiseAndLowerIRQL.vcxproj", "{17FBCB65-D821-4164-80AB-2CE8F8A211AA}"
EndProject
Project("{8BC9CEB8-8B4A-11D0-8D11-00A0C91BC942}") = "4_UnicodeString", "4_UnicodeString\4_UnicodeString.vcxproj", "{84644E70-3490-463C-BE01-89EE4F1E2FE1}"
EndProject
Project("{8BC9CEB8-8B4A-11D0-8D11-00A0C91BC942}") = "5_GetCurrentIRQLDemo", "5_GetIRQLDemo\2_GetCurrentIRQLDemo.vcxproj", "{CE058288-FA9E-409E-B11B-24A621188697}"
EndProject
Project("{8BC9CEB8-8B4A-11D0-8D11-00A0C91BC942}") = "6_UserLevelCommunication", "6_UserLevelCommunication\6_UserLevelCommunication.vcxproj", "{7C079428-B4AB-4DE9-B356-A26859B675D1}"
EndProject
Project("{8BC9CEB8-8B4A-11D0-8D11-00A0C91BC942}") = "7_ListEntry", "7_ListEntry\7_ListEntry.vcxproj", "{62DD9360-0AE1-4C62-A7B0-25674FC1F518}"
EndProject
Project("{8BC9CEB8-8B4A-11D0-8D11-00A0C91BC942}") = "8_MemoryManagement", "8_MemoryManagement\8_MemoryManagement.vcxproj", "{6DE586F1-7F58-4C69-B547-2112229ABA76}"
EndProject
Project("{8BC9CEB8-8B4A-11D0-8D11-00A0C91BC942}") = "9_FileManagement", "9_FileManagement\9_FileManagement.vcxproj", "{B0ED3B53-52E1-4FBF-9868-AFDB43319446}"
EndProject
Global
	GlobalSection(SolutionConfigurationPlatforms) = preSolution
		Debug|ARM64 = Debug|ARM64
		Debug|x64 = Debug|x64
		Release|ARM64 = Release|ARM64
		Release|x64 = Release|x64
	EndGlobalSection
	GlobalSection(ProjectConfigurationPlatforms) = postSolution
		{4964D8FF-6765-4E6B-8F0D-8A4A5CAEF138}.Debug|ARM64.ActiveCfg = Debug|ARM64
		{4964D8FF-6765-4E6B-8F0D-8A4A5CAEF138}.Debug|ARM64.Build.0 = Debug|ARM64
		{4964D8FF-6765-4E6B-8F0D-8A4A5CAEF138}.Debug|ARM64.Deploy.0 = Debug|ARM64
		{4964D8FF-6765-4E6B-8F0D-8A4A5CAEF138}.Debug|x64.ActiveCfg = Debug|x64
		{4964D8FF-6765-4E6B-8F0D-8A4A5CAEF138}.Debug|x64.Build.0 = Debug|x64
		{4964D8FF-6765-4E6B-8F0D-8A4A5CAEF138}.Debug|x64.Deploy.0 = Debug|x64
		{4964D8FF-6765-4E6B-8F0D-8A4A5CAEF138}.Release|ARM64.ActiveCfg = Release|ARM64
		{4964D8FF-6765-4E6B-8F0D-8A4A5CAEF138}.Release|ARM64.Build.0 = Release|ARM64
		{4964D8FF-6765-4E6B-8F0D-8A4A5CAEF138}.Release|ARM64.Deploy.0 = Release|ARM64
		{4964D8FF-6765-4E6B-8F0D-8A4A5CAEF138}.Release|x64.ActiveCfg = Release|x64
		{4964D8FF-6765-4E6B-8F0D-8A4A5CAEF138}.Release|x64.Build.0 = Release|x64
		{4964D8FF-6765-4E6B-8F0D-8A4A5CAEF138}.Release|x64.Deploy.0 = Release|x64
		{69193F88-1A63-4B21-A7E4-6B5785937B8F}.Debug|ARM64.ActiveCfg = Debug|ARM64
		{69193F88-1A63-4B21-A7E4-6B5785937B8F}.Debug|ARM64.Build.0 = Debug|ARM64
		{69193F88-1A63-4B21-A7E4-6B5785937B8F}.Debug|ARM64.Deploy.0 = Debug|ARM64
		{69193F88-1A63-4B21-A7E4-6B5785937B8F}.Debug|x64.ActiveCfg = Debug|x64
		{69193F88-1A63-4B21-A7E4-6B5785937B8F}.Debug|x64.Build.0 = Debug|x64
		{69193F88-1A63-4B21-A7E4-6B5785937B8F}.Debug|x64.Deploy.0 = Debug|x64
		{69193F88-1A63-4B21-A7E4-6B5785937B8F}.Release|ARM64.ActiveCfg = Release|ARM64
		{69193F88-1A63-4B21-A7E4-6B5785937B8F}.Release|ARM64.Build.0 = Release|ARM64
		{69193F88-1A63-4B21-A7E4-6B5785937B8F}.Release|ARM64.Deploy.0 = Release|ARM64
		{69193F88-1A63-4B21-A7E4-6B5785937B8F}.Release|x64.ActiveCfg = Release|x64
		{69193F88-1A63-4B21-A7E4-6B5785937B8F}.Release|x64.Build.0 = Release|x64
		{69193F88-1A63-4B21-A7E4-6B5785937B8F}.Release|x64.Deploy.0 = Release|x64
		{17FBCB65-D821-4164-80AB-2CE8F8A211AA}.Debug|ARM64.ActiveCfg = Debug|ARM64
		{17FBCB65-D821-4164-80AB-2CE8F8A211AA}.Debug|ARM64.Build.0 = Debug|ARM64
		{17FBCB65-D821-4164-80AB-2CE8F8A211AA}.Debug|ARM64.Deploy.0 = Debug|ARM64
		{17FBCB65-D821-4164-80AB-2CE8F8A211AA}.Debug|x64.ActiveCfg = Debug|x64
		{17FBCB65-D821-4164-80AB-2CE8F8A211AA}.Debug|x64.Build.0 = Debug|x64
		{17FBCB65-D821-4164-80AB-2CE8F8A211AA}.Debug|x64.Deploy.0 = Debug|x64
		{17FBCB65-D821-4164-80AB-2CE8F8A211AA}.Release|ARM64.ActiveCfg = Release|ARM64
		{17FBCB65-D821-4164-80AB-2CE8F8A211AA}.Release|ARM64.Build.0 = Release|ARM64
		{17FBCB65-D821-4164-80AB-2CE8F8A211AA}.Release|ARM64.Deploy.0 = Release|ARM64
		{17FBCB65-D821-4164-80AB-2CE8F8A211AA}.Release|x64.ActiveCfg = Release|x64
		{17FBCB65-D821-4164-80AB-2CE8F8A211AA}.Release|x64.Build.0 = Release|x64
		{17FBCB65-D821-4164-80AB-2CE8F8A211AA}.Release|x64.Deploy.0 = Release|x64
		{84644E70-3490-463C-BE01-89EE4F1E2FE1}.Debug|ARM64.ActiveCfg = Debug|ARM64
		{84644E70-3490-463C-BE01-89EE4F1E2FE1}.Debug|ARM64.Build.0 = Debug|ARM64
		{84644E70-3490-463C-BE01-89EE4F1E2FE1}.Debug|ARM64.Deploy.0 = Debug|ARM64
		{84644E70-3490-463C-BE01-89EE4F1E2FE1}.Debug|x64.ActiveCfg = Debug|x64
		{84644E70-3490-463C-BE01-89EE4F1E2FE1}.Debug|x64.Build.0 = Debug|x64
		{84644E70-3490-463C-BE01-89EE4F1E2FE1}.Debug|x64.Deploy.0 = Debug|x64
		{84644E70-3490-463C-BE01-89EE4F1E2FE1}.Release|ARM64.ActiveCfg = Release|ARM64
		{84644E70-3490-463C-BE01-89EE4F1E2FE1}.Release|ARM64.Build.0 = Release|ARM64
		{84644E70-3490-463C-BE01-89EE4F1E2FE1}.Release|ARM64.Deploy.0 = Release|ARM64
		{84644E70-3490-463C-BE01-89EE4F1E2FE1}.Release|x64.ActiveCfg = Release|x64
		{84644E70-3490-463C-BE01-89EE4F1E2FE1}.Release|x64.Build.0 = Release|x64
		{84644E70-3490-463C-BE01-89EE4F1E2FE1}.Release|x64.Deploy.0 = Release|x64
		{CE058288-FA9E-409E-B11B-24A621188697}.Debug|ARM64.ActiveCfg = Debug|ARM64
		{CE058288-FA9E-409E-B11B-24A621188697}.Debug|ARM64.Build.0 = Debug|ARM64
		{CE058288-FA9E-409E-B11B-24A621188697}.Debug|ARM64.Deploy.0 = Debug|ARM64
		{CE058288-FA9E-409E-B11B-24A621188697}.Debug|x64.ActiveCfg = Debug|x64
		{CE058288-FA9E-409E-B11B-24A621188697}.Debug|x64.Build.0 = Debug|x64
		{CE058288-FA9E-409E-B11B-24A621188697}.Debug|x64.Deploy.0 = Debug|x64
		{CE058288-FA9E-409E-B11B-24A621188697}.Release|ARM64.ActiveCfg = Release|ARM64
		{CE058288-FA9E-409E-B11B-24A621188697}.Release|ARM64.Build.0 = Release|ARM64
		{CE058288-FA9E-409E-B11B-24A621188697}.Release|ARM64.Deploy.0 = Release|ARM64
		{CE058288-FA9E-409E-B11B-24A621188697}.Release|x64.ActiveCfg = Release|x64
		{CE058288-FA9E-409E-B11B-24A621188697}.Release|x64.Build.0 = Release|x64
		{CE058288-FA9E-409E-B11B-24A621188697}.Release|x64.Deploy.0 = Release|x64
		{7C079428-B4AB-4DE9-B356-A26859B675D1}.Debug|ARM64.ActiveCfg = Debug|ARM64
		{7C079428-B4AB-4DE9-B356-A26859B675D1}.Debug|ARM64.Build.0 = Debug|ARM64
		{7C079428-B4AB-4DE9-B356-A26859B675D1}.Debug|ARM64.Deploy.0 = Debug|ARM64
		{7C079428-B4AB-4DE9-B356-A26859B675D1}.Debug|x64.ActiveCfg = Debug|x64
		{7C079428-B4AB-4DE9-B356-A26859B675D1}.Debug|x64.Build.0 = Debug|x64
		{7C079428-B4AB-4DE9-B356-A26859B675D1}.Debug|x64.Deploy.0 = Debug|x64
		{7C079428-B4AB-4DE9-B356-A26859B675D1}.Release|ARM64.ActiveCfg = Release|ARM64
		{7C079428-B4AB-4DE9-B356-A26859B675D1}.Release|ARM64.Build.0 = Release|ARM64
		{7C079428-B4AB-4DE9-B356-A26859B675D1}.Release|ARM64.Deploy.0 = Release|ARM64
		{7C079428-B4AB-4DE9-B356-A26859B675D1}.Release|x64.ActiveCfg = Release|x64
		{7C079428-B4AB-4DE9-B356-A26859B675D1}.Release|x64.Build.0 = Release|x64
		{7C079428-B4AB-4DE9-B356-A26859B675D1}.Release|x64.Deploy.0 = Release|x64
		{62DD9360-0AE1-4C62-A7B0-25674FC1F518}.Debug|ARM64.ActiveCfg = Debug|ARM64
		{62DD9360-0AE1-4C62-A7B0-25674FC1F518}.Debug|ARM64.Build.0 = Debug|ARM64
		{62DD9360-0AE1-4C62-A7B0-25674FC1F518}.Debug|ARM64.Deploy.0 = Debug|ARM64
		{62DD9360-0AE1-4C62-A7B0-25674FC1F518}.Debug|x64.ActiveCfg = Debug|x64
		{62DD9360-0AE1-4C62-A7B0-25674FC1F518}.Debug|x64.Build.0 = Debug|x64
		{62DD9360-0AE1-4C62-A7B0-25674FC1F518}.Debug|x64.Deploy.0 = Debug|x64
		{62DD9360-0AE1-4C62-A7B0-25674FC1F518}.Release|ARM64.ActiveCfg = Release|ARM64
		{62DD9360-0AE1-4C62-A7B0-25674FC1F518}.Release|ARM64.Build.0 = Release|ARM64
		{62DD9360-0AE1-4C62-A7B0-25674FC1F518}.Release|ARM64.Deploy.0 = Release|ARM64
		{62DD9360-0AE1-4C62-A7B0-25674FC1F518}.Release|x64.ActiveCfg = Release|x64
		{62DD9360-0AE1-4C62-A7B0-25674FC1F518}.Release|x64.Build.0 = Release|x64
		{62DD9360-0AE1-4C62-A7B0-25674FC1F518}.Release|x64.Deploy.0 = Release|x64
		{6DE586F1-7F58-4C69-B547-2112229ABA76}.Debug|ARM64.ActiveCfg = Debug|ARM64
		{6DE586F1-7F58-4C69-B547-2112229ABA76}.Debug|ARM64.Build.0 = Debug|ARM64
		{6DE586F1-7F58-4C69-B547-2112229ABA76}.Debug|ARM64.Deploy.0 = Debug|ARM64
		{6DE586F1-7F58-4C69-B547-2112229ABA76}.Debug|x64.ActiveCfg = Debug|x64
		{6DE586F1-7F58-4C69-B547-2112229ABA76}.Debug|x64.Build.0 = Debug|x64
		{6DE586F1-7F58-4C69-B547-2112229ABA76}.Debug|x64.Deploy.0 = Debug|x64
		{6DE586F1-7F58-4C69-B547-2112229ABA76}.Release|ARM64.ActiveCfg = Release|ARM64
		{6DE586F1-7F58-4C69-B547-2112229ABA76}.Release|ARM64.Build.0 = Release|ARM64
		{6DE586F1-7F58-4C69-B547-2112229ABA76}.Release|ARM64.Deploy.0 = Release|ARM64
		{6DE586F1-7F58-4C69-B547-2112229ABA76}.Release|x64.ActiveCfg = Release|x64
		{6DE586F1-7F58-4C69-B547-2112229ABA76}.Release|x64.Build.0 = Release|x64
		{6DE586F1-7F58-4C69-B547-2112229ABA76}.Release|x64.Deploy.0 = Release|x64
		{B0ED3B53-52E1-4FBF-9868-AFDB43319446}.Debug|ARM64.ActiveCfg = Debug|ARM64
		{B0ED3B53-52E1-4FBF-9868-AFDB43319446}.Debug|ARM64.Build.0 = Debug|ARM64
		{B0ED3B53-52E1-4FBF-9868-AFDB43319446}.Debug|ARM64.Deploy.0 = Debug|ARM64
		{B0ED3B53-52E1-4FBF-9868-AFDB43319446}.Debug|x64.ActiveCfg = Debug|x64
		{B0ED3B53-52E1-4FBF-9868-AFDB43319446}.Debug|x64.Build.0 = Debug|x64
		{B0ED3B53-52E1-4FBF-9868-AFDB43319446}.Debug|x64.Deploy.0 = Debug|x64
		{B0ED3B53-52E1-4FBF-9868-AFDB43319446}.Release|ARM64.ActiveCfg = Release|ARM64
		{B0ED3B53-52E1-4FBF-9868-AFDB43319446}.Release|ARM64.Build.0 = Release|ARM64
		{B0ED3B53-52E1-4FBF-9868-AFDB43319446}.Release|ARM64.Deploy.0 = Release|ARM64
		{B0ED3B53-52E1-4FBF-9868-AFDB43319446}.Release|x64.ActiveCfg = Release|x64
		{B0ED3B53-52E1-4FBF-9868-AFDB43319446}.Release|x64.Build.0 = Release|x64
		{B0ED3B53-52E1-4FBF-9868-AFDB43319446}.Release|x64.Deploy.0 = Release|x64
	EndGlobalSection
	GlobalSection(SolutionProperties) = preSolution
		HideSolutionNode = FALSE
	EndGlobalSection
	GlobalSection(ExtensibilityGlobals) = postSolution
		SolutionGuid = {88BA211D-9AC0-468F-87F4-D8C70F6AA1D9}
	EndGlobalSection
EndGlobal
